
Microsoft Visual Studio Solution File, Format Version 12.00
# Visual Studio Version 17
VisualStudioVersion = 17.3.32929.385
MinimumVisualStudioVersion = 10.0.40219.1
Project("{9A19103F-16F7-4668-BE54-9A1E7A4F7556}") = "EDPLauncher", "EDPLauncher\EDPLauncher.csproj", "{C6869D0F-411C-4561-B2EE-E59E6594E356}"
EndProject
Project("{840C416C-B8F3-42BC-B0DD-F6BB14C9F8CB}") = "EDPSetupLauncher", "EDPSetupLauncher\EDPSetupLauncher.aiproj", "{FC93DB9E-476F-4716-AD89-040E628FCBB7}"
EndProject
Global
	GlobalSection(SolutionConfigurationPlatforms) = preSolution
		Debug|Any CPU = Debug|Any CPU
		DefaultBuild|Any CPU = DefaultBuild|Any CPU
		Release|Any CPU = Release|Any CPU
	EndGlobalSection
	GlobalSection(ProjectConfigurationPlatforms) = postSolution
		{C6869D0F-411C-4561-B2EE-E59E6594E356}.Debug|Any CPU.ActiveCfg = Debug|Any CPU
		{C6869D0F-411C-4561-B2EE-E59E6594E356}.Debug|Any CPU.Build.0 = Debug|Any CPU
		{C6869D0F-411C-4561-B2EE-E59E6594E356}.DefaultBuild|Any CPU.ActiveCfg = Debug|Any CPU
		{C6869D0F-411C-4561-B2EE-E59E6594E356}.DefaultBuild|Any CPU.Build.0 = Debug|Any CPU
		{C6869D0F-411C-4561-B2EE-E59E6594E356}.Release|Any CPU.ActiveCfg = Release|Any CPU
		{C6869D0F-411C-4561-B2EE-E59E6594E356}.Release|Any CPU.Build.0 = Release|Any CPU
		{FC93DB9E-476F-4716-AD89-040E628FCBB7}.Debug|Any CPU.ActiveCfg = DefaultBuild
		{FC93DB9E-476F-4716-AD89-040E628FCBB7}.Debug|Any CPU.Build.0 = DefaultBuild
		{FC93DB9E-476F-4716-AD89-040E628FCBB7}.DefaultBuild|Any CPU.ActiveCfg = DefaultBuild
		{FC93DB9E-476F-4716-AD89-040E628FCBB7}.DefaultBuild|Any CPU.Build.0 = DefaultBuild
		{FC93DB9E-476F-4716-AD89-040E628FCBB7}.Release|Any CPU.ActiveCfg = DefaultBuild
		{FC93DB9E-476F-4716-AD89-040E628FCBB7}.Release|Any CPU.Build.0 = DefaultBuild
	EndGlobalSection
	GlobalSection(SolutionProperties) = preSolution
		HideSolutionNode = FALSE
	EndGlobalSection
	GlobalSection(ExtensibilityGlobals) = postSolution
		SolutionGuid = {54FF82E2-2416-47E7-8DD6-00838C109967}
	EndGlobalSection
EndGlobal
